
Microsoft Visual Studio Solution File, Format Version 12.00
# Visual Studio Version 16
VisualStudioVersion = 16.0.31112.23
MinimumVisualStudioVersion = 10.0.40219.1
Project("{FAE04EC0-301F-11D3-BF4B-00C04F79EFBC}") = "Auth.Demo", "Auth.Demo\Auth.Demo.csproj", "{97B0D8BD-1A0D-4DA0-B210-16D68C097470}"
EndProject
Global
	GlobalSection(SolutionConfigurationPlatforms) = preSolution
		Debug|Any CPU = Debug|Any CPU
		Release|Any CPU = Release|Any CPU
	EndGlobalSection
	GlobalSection(ProjectConfigurationPlatforms) = postSolution
		{97B0D8BD-1A0D-4DA0-B210-16D68C097470}.Debug|Any CPU.ActiveCfg = Debug|Any CPU
		{97B0D8BD-1A0D-4DA0-B210-16D68C097470}.Debug|Any CPU.Build.0 = Debug|Any CPU
		{97B0D8BD-1A0D-4DA0-B210-16D68C097470}.Release|Any CPU.ActiveCfg = Release|Any CPU
		{97B0D8BD-1A0D-4DA0-B210-16D68C097470}.Release|Any CPU.Build.0 = Release|Any CPU
	EndGlobalSection
	GlobalSection(SolutionProperties) = preSolution
		HideSolutionNode = FALSE
	EndGlobalSection
	GlobalSection(ExtensibilityGlobals) = postSolution
		SolutionGuid = {CF00B470-5242-4B61-976D-BBDA8A3CE359}
	EndGlobalSection
EndGlobal
